
Microsoft Visual Studio Solution File, Format Version 12.00
# Visual Studio 15
Project("{FAE04EC0-301F-11D3-BF4B-00C04F79EFBC}") = "Assembly-CSharp", "Assembly-CSharp.csproj", "{1157818D-C8B6-F605-87AB-E7DA6FB38569}"
EndProject
Project("{FAE04EC0-301F-11D3-BF4B-00C04F79EFBC}") = "NaughtyCharacter", "NaughtyCharacter.csproj", "{CB4B794D-B938-3D22-E8CC-F3ACB11A2D64}"
EndProject
Project("{FAE04EC0-301F-11D3-BF4B-00C04F79EFBC}") = "Assembly-CSharp-Editor", "Assembly-CSharp-Editor.csproj", "{2374BC71-3B80-4E23-6BBA-E26099475175}"
EndProject
Global
	GlobalSection(SolutionConfigurationPlatforms) = preSolution
		Debug|Any CPU = Debug|Any CPU
		Release|Any CPU = Release|Any CPU
	EndGlobalSection
	GlobalSection(ProjectConfigurationPlatforms) = postSolution
		{1157818D-C8B6-F605-87AB-E7DA6FB38569}.Debug|Any CPU.ActiveCfg = Debug|Any CPU
		{1157818D-C8B6-F605-87AB-E7DA6FB38569}.Debug|Any CPU.Build.0 = Debug|Any CPU
		{1157818D-C8B6-F605-87AB-E7DA6FB38569}.Release|Any CPU.ActiveCfg = Release|Any CPU
		{1157818D-C8B6-F605-87AB-E7DA6FB38569}.Release|Any CPU.Build.0 = Release|Any CPU
		{CB4B794D-B938-3D22-E8CC-F3ACB11A2D64}.Debug|Any CPU.ActiveCfg = Debug|Any CPU
		{CB4B794D-B938-3D22-E8CC-F3ACB11A2D64}.Debug|Any CPU.Build.0 = Debug|Any CPU
		{CB4B794D-B938-3D22-E8CC-F3ACB11A2D64}.Release|Any CPU.ActiveCfg = Release|Any CPU
		{CB4B794D-B938-3D22-E8CC-F3ACB11A2D64}.Release|Any CPU.Build.0 = Release|Any CPU
		{2374BC71-3B80-4E23-6BBA-E26099475175}.Debug|Any CPU.ActiveCfg = Debug|Any CPU
		{2374BC71-3B80-4E23-6BBA-E26099475175}.Debug|Any CPU.Build.0 = Debug|Any CPU
		{2374BC71-3B80-4E23-6BBA-E26099475175}.Release|Any CPU.ActiveCfg = Release|Any CPU
		{2374BC71-3B80-4E23-6BBA-E26099475175}.Release|Any CPU.Build.0 = Release|Any CPU
	EndGlobalSection
	GlobalSection(SolutionProperties) = preSolution
		HideSolutionNode = FALSE
	EndGlobalSection
EndGlobal
